
Microsoft Visual Studio Solution File, Format Version 12.00
# Visual Studio Version 17
VisualStudioVersion = 17.7.34202.233
MinimumVisualStudioVersion = 10.0.40219.1
Project("{FAE04EC0-301F-11D3-BF4B-00C04F79EFBC}") = "EjemploUdemy", "EjemploUdemy.csproj", "{8EA6B6BD-C6C6-4C69-B603-B42EBA5BE1B8}"
EndProject
Global
	GlobalSection(SolutionConfigurationPlatforms) = preSolution
		Debug|Any CPU = Debug|Any CPU
		Release|Any CPU = Release|Any CPU
	EndGlobalSection
	GlobalSection(ProjectConfigurationPlatforms) = postSolution
		{8EA6B6BD-C6C6-4C69-B603-B42EBA5BE1B8}.Debug|Any CPU.ActiveCfg = Debug|Any CPU
		{8EA6B6BD-C6C6-4C69-B603-B42EBA5BE1B8}.Debug|Any CPU.Build.0 = Debug|Any CPU
		{8EA6B6BD-C6C6-4C69-B603-B42EBA5BE1B8}.Release|Any CPU.ActiveCfg = Release|Any CPU
		{8EA6B6BD-C6C6-4C69-B603-B42EBA5BE1B8}.Release|Any CPU.Build.0 = Release|Any CPU
	EndGlobalSection
	GlobalSection(SolutionProperties) = preSolution
		HideSolutionNode = FALSE
	EndGlobalSection
	GlobalSection(ExtensibilityGlobals) = postSolution
		SolutionGuid = {838EDD9E-D668-4295-AFC5-D4ABEC9E4436}
	EndGlobalSection
EndGlobal
